
Microsoft Visual Studio Solution File, Format Version 12.00
# Visual Studio Version 16
VisualStudioVersion = 16.0.30225.117
MinimumVisualStudioVersion = 10.0.40219.1
Project("{9A19103F-16F7-4668-BE54-9A1E7A4F7556}") = "PaulZero.WindowsRoutine.Wpf", "PaulZero.WindowsRoutine.Wpf\PaulZero.WindowsRoutine.Wpf.csproj", "{51FFDE15-15DF-4348-945D-A1C8B2D6F563}"
EndProject
Project("{C7167F0D-BC9F-4E6E-AFE1-012C56B48DB5}") = "PaulZero.WindowsRoutine.Installer", "PaulZero.WindowsRoutine.Installer\PaulZero.WindowsRoutine.Installer.wapproj", "{70C58E4E-5B9E-432D-88CB-CF8E4CAA5128}"
EndProject
Project("{9A19103F-16F7-4668-BE54-9A1E7A4F7556}") = "PaulZero.WindowsRoutine.Wpf.Tests", "PaulZero.WindowsRoutine.Wpf.Tests\PaulZero.WindowsRoutine.Wpf.Tests.csproj", "{F3FE1604-3080-41B4-8B79-5A844B2096BD}"
EndProject
Project("{930C7802-8A8C-48F9-8165-68863BCCD9DD}") = "PaulZero.WindowsRoutine.WixInstaller", "PaulZero.WindowsRoutine.WixInstaller\PaulZero.WindowsRoutine.WixInstaller.wixproj", "{68A97971-63D0-4CC9-9666-4ED1B65C1A29}"
EndProject
Global
	GlobalSection(SolutionConfigurationPlatforms) = preSolution
		Debug|Any CPU = Debug|Any CPU
		Debug|ARM = Debug|ARM
		Debug|ARM64 = Debug|ARM64
		Debug|x64 = Debug|x64
		Debug|x86 = Debug|x86
		Release|Any CPU = Release|Any CPU
		Release|ARM = Release|ARM
		Release|ARM64 = Release|ARM64
		Release|x64 = Release|x64
		Release|x86 = Release|x86
	EndGlobalSection
	GlobalSection(ProjectConfigurationPlatforms) = postSolution
		{51FFDE15-15DF-4348-945D-A1C8B2D6F563}.Debug|Any CPU.ActiveCfg = Debug|Any CPU
		{51FFDE15-15DF-4348-945D-A1C8B2D6F563}.Debug|Any CPU.Build.0 = Debug|Any CPU
		{51FFDE15-15DF-4348-945D-A1C8B2D6F563}.Debug|ARM.ActiveCfg = Debug|Any CPU
		{51FFDE15-15DF-4348-945D-A1C8B2D6F563}.Debug|ARM.Build.0 = Debug|Any CPU
		{51FFDE15-15DF-4348-945D-A1C8B2D6F563}.Debug|ARM64.ActiveCfg = Debug|Any CPU
		{51FFDE15-15DF-4348-945D-A1C8B2D6F563}.Debug|ARM64.Build.0 = Debug|Any CPU
		{51FFDE15-15DF-4348-945D-A1C8B2D6F563}.Debug|x64.ActiveCfg = Debug|Any CPU
		{51FFDE15-15DF-4348-945D-A1C8B2D6F563}.Debug|x64.Build.0 = Debug|Any CPU
		{51FFDE15-15DF-4348-945D-A1C8B2D6F563}.Debug|x86.ActiveCfg = Debug|Any CPU
		{51FFDE15-15DF-4348-945D-A1C8B2D6F563}.Debug|x86.Build.0 = Debug|Any CPU
		{51FFDE15-15DF-4348-945D-A1C8B2D6F563}.Release|Any CPU.ActiveCfg = Release|Any CPU
		{51FFDE15-15DF-4348-945D-A1C8B2D6F563}.Release|Any CPU.Build.0 = Release|Any CPU
		{51FFDE15-15DF-4348-945D-A1C8B2D6F563}.Release|ARM.ActiveCfg = Release|Any CPU
		{51FFDE15-15DF-4348-945D-A1C8B2D6F563}.Release|ARM.Build.0 = Release|Any CPU
		{51FFDE15-15DF-4348-945D-A1C8B2D6F563}.Release|ARM64.ActiveCfg = Release|Any CPU
		{51FFDE15-15DF-4348-945D-A1C8B2D6F563}.Release|ARM64.Build.0 = Release|Any CPU
		{51FFDE15-15DF-4348-945D-A1C8B2D6F563}.Release|x64.ActiveCfg = Release|Any CPU
		{51FFDE15-15DF-4348-945D-A1C8B2D6F563}.Release|x64.Build.0 = Release|Any CPU
		{51FFDE15-15DF-4348-945D-A1C8B2D6F563}.Release|x86.ActiveCfg = Release|Any CPU
		{51FFDE15-15DF-4348-945D-A1C8B2D6F563}.Release|x86.Build.0 = Release|Any CPU
		{70C58E4E-5B9E-432D-88CB-CF8E4CAA5128}.Debug|Any CPU.ActiveCfg = Debug|Any CPU
		{70C58E4E-5B9E-432D-88CB-CF8E4CAA5128}.Debug|Any CPU.Build.0 = Debug|Any CPU
		{70C58E4E-5B9E-432D-88CB-CF8E4CAA5128}.Debug|Any CPU.Deploy.0 = Debug|Any CPU
		{70C58E4E-5B9E-432D-88CB-CF8E4CAA5128}.Debug|ARM.ActiveCfg = Debug|ARM
		{70C58E4E-5B9E-432D-88CB-CF8E4CAA5128}.Debug|ARM.Build.0 = Debug|ARM
		{70C58E4E-5B9E-432D-88CB-CF8E4CAA5128}.Debug|ARM.Deploy.0 = Debug|ARM
		{70C58E4E-5B9E-432D-88CB-CF8E4CAA5128}.Debug|ARM64.ActiveCfg = Debug|ARM64
		{70C58E4E-5B9E-432D-88CB-CF8E4CAA5128}.Debug|ARM64.Build.0 = Debug|ARM64
		{70C58E4E-5B9E-432D-88CB-CF8E4CAA5128}.Debug|ARM64.Deploy.0 = Debug|ARM64
		{70C58E4E-5B9E-432D-88CB-CF8E4CAA5128}.Debug|x64.ActiveCfg = Debug|x64
		{70C58E4E-5B9E-432D-88CB-CF8E4CAA5128}.Debug|x64.Build.0 = Debug|x64
		{70C58E4E-5B9E-432D-88CB-CF8E4CAA5128}.Debug|x64.Deploy.0 = Debug|x64
		{70C58E4E-5B9E-432D-88CB-CF8E4CAA5128}.Debug|x86.ActiveCfg = Debug|x86
		{70C58E4E-5B9E-432D-88CB-CF8E4CAA5128}.Debug|x86.Build.0 = Debug|x86
		{70C58E4E-5B9E-432D-88CB-CF8E4CAA5128}.Debug|x86.Deploy.0 = Debug|x86
		{70C58E4E-5B9E-432D-88CB-CF8E4CAA5128}.Release|Any CPU.ActiveCfg = Release|Any CPU
		{70C58E4E-5B9E-432D-88CB-CF8E4CAA5128}.Release|Any CPU.Build.0 = Release|Any CPU
		{70C58E4E-5B9E-432D-88CB-CF8E4CAA5128}.Release|Any CPU.Deploy.0 = Release|Any CPU
		{70C58E4E-5B9E-432D-88CB-CF8E4CAA5128}.Release|ARM.ActiveCfg = Release|ARM
		{70C58E4E-5B9E-432D-88CB-CF8E4CAA5128}.Release|ARM.Build.0 = Release|ARM
		{70C58E4E-5B9E-432D-88CB-CF8E4CAA5128}.Release|ARM.Deploy.0 = Release|ARM
		{70C58E4E-5B9E-432D-88CB-CF8E4CAA5128}.Release|ARM64.ActiveCfg = Release|ARM64
		{70C58E4E-5B9E-432D-88CB-CF8E4CAA5128}.Release|ARM64.Build.0 = Release|ARM64
		{70C58E4E-5B9E-432D-88CB-CF8E4CAA5128}.Release|ARM64.Deploy.0 = Release|ARM64
		{70C58E4E-5B9E-432D-88CB-CF8E4CAA5128}.Release|x64.ActiveCfg = Release|x64
		{70C58E4E-5B9E-432D-88CB-CF8E4CAA5128}.Release|x64.Build.0 = Release|x64
		{70C58E4E-5B9E-432D-88CB-CF8E4CAA5128}.Release|x64.Deploy.0 = Release|x64
		{70C58E4E-5B9E-432D-88CB-CF8E4CAA5128}.Release|x86.ActiveCfg = Release|x86
		{70C58E4E-5B9E-432D-88CB-CF8E4CAA5128}.Release|x86.Build.0 = Release|x86
		{70C58E4E-5B9E-432D-88CB-CF8E4CAA5128}.Release|x86.Deploy.0 = Release|x86
		{F3FE1604-3080-41B4-8B79-5A844B2096BD}.Debug|Any CPU.ActiveCfg = Debug|Any CPU
		{F3FE1604-3080-41B4-8B79-5A844B2096BD}.Debug|Any CPU.Build.0 = Debug|Any CPU
		{F3FE1604-3080-41B4-8B79-5A844B2096BD}.Debug|ARM.ActiveCfg = Debug|Any CPU
		{F3FE1604-3080-41B4-8B79-5A844B2096BD}.Debug|ARM.Build.0 = Debug|Any CPU
		{F3FE1604-3080-41B4-8B79-5A844B2096BD}.Debug|ARM64.ActiveCfg = Debug|Any CPU
		{F3FE1604-3080-41B4-8B79-5A844B2096BD}.Debug|ARM64.Build.0 = Debug|Any CPU
		{F3FE1604-3080-41B4-8B79-5A844B2096BD}.Debug|x64.ActiveCfg = Debug|Any CPU
		{F3FE1604-3080-41B4-8B79-5A844B2096BD}.Debug|x64.Build.0 = Debug|Any CPU
		{F3FE1604-3080-41B4-8B79-5A844B2096BD}.Debug|x86.ActiveCfg = Debug|Any CPU
		{F3FE1604-3080-41B4-8B79-5A844B2096BD}.Debug|x86.Build.0 = Debug|Any CPU
		{F3FE1604-3080-41B4-8B79-5A844B2096BD}.Release|Any CPU.ActiveCfg = Release|Any CPU
		{F3FE1604-3080-41B4-8B79-5A844B2096BD}.Release|Any CPU.Build.0 = Release|Any CPU
		{F3FE1604-3080-41B4-8B79-5A844B2096BD}.Release|ARM.ActiveCfg = Release|Any CPU
		{F3FE1604-3080-41B4-8B79-5A844B2096BD}.Release|ARM.Build.0 = Release|Any CPU
		{F3FE1604-3080-41B4-8B79-5A844B2096BD}.Release|ARM64.ActiveCfg = Release|Any CPU
		{F3FE1604-3080-41B4-8B79-5A844B2096BD}.Release|ARM64.Build.0 = Release|Any CPU
		{F3FE1604-3080-41B4-8B79-5A844B2096BD}.Release|x64.ActiveCfg = Release|Any CPU
		{F3FE1604-3080-41B4-8B79-5A844B2096BD}.Release|x64.Build.0 = Release|Any CPU
		{F3FE1604-3080-41B4-8B79-5A844B2096BD}.Release|x86.ActiveCfg = Release|Any CPU
		{F3FE1604-3080-41B4-8B79-5A844B2096BD}.Release|x86.Build.0 = Release|Any CPU
		{68A97971-63D0-4CC9-9666-4ED1B65C1A29}.Debug|Any CPU.ActiveCfg = Debug|x86
		{68A97971-63D0-4CC9-9666-4ED1B65C1A29}.Debug|ARM.ActiveCfg = Debug|x86
		{68A97971-63D0-4CC9-9666-4ED1B65C1A29}.Debug|ARM64.ActiveCfg = Debug|x86
		{68A97971-63D0-4CC9-9666-4ED1B65C1A29}.Debug|x64.ActiveCfg = Debug|x86
		{68A97971-63D0-4CC9-9666-4ED1B65C1A29}.Debug|x86.ActiveCfg = Debug|x86
		{68A97971-63D0-4CC9-9666-4ED1B65C1A29}.Debug|x86.Build.0 = Debug|x86
		{68A97971-63D0-4CC9-9666-4ED1B65C1A29}.Release|Any CPU.ActiveCfg = Release|x86
		{68A97971-63D0-4CC9-9666-4ED1B65C1A29}.Release|ARM.ActiveCfg = Release|x86
		{68A97971-63D0-4CC9-9666-4ED1B65C1A29}.Release|ARM64.ActiveCfg = Release|x86
		{68A97971-63D0-4CC9-9666-4ED1B65C1A29}.Release|x64.ActiveCfg = Release|x86
		{68A97971-63D0-4CC9-9666-4ED1B65C1A29}.Release|x86.ActiveCfg = Release|x86
		{68A97971-63D0-4CC9-9666-4ED1B65C1A29}.Release|x86.Build.0 = Release|x86
	EndGlobalSection
	GlobalSection(SolutionProperties) = preSolution
		HideSolutionNode = FALSE
	EndGlobalSection
	GlobalSection(ExtensibilityGlobals) = postSolution
		SolutionGuid = {831EF132-79A6-4BF3-90F5-74B442268B9F}
	EndGlobalSection
EndGlobal
